
Microsoft Visual Studio Solution File, Format Version 12.00
# Visual Studio Version 16
VisualStudioVersion = 16.0.30503.244
MinimumVisualStudioVersion = 10.0.40219.1
Project("{8BC9CEB8-8B4A-11D0-8D11-00A0C91BC942}") = "Chapter3Exercise6Final", "Chapter3Exercise6Final.vcxproj", "{EB37789D-E393-4C00-B0E1-E2F4EC311237}"
EndProject
Global
	GlobalSection(SolutionConfigurationPlatforms) = preSolution
		Debug|x64 = Debug|x64
		Debug|x86 = Debug|x86
		Release|x64 = Release|x64
		Release|x86 = Release|x86
	EndGlobalSection
	GlobalSection(ProjectConfigurationPlatforms) = postSolution
		{EB37789D-E393-4C00-B0E1-E2F4EC311237}.Debug|x64.ActiveCfg = Debug|x64
		{EB37789D-E393-4C00-B0E1-E2F4EC311237}.Debug|x64.Build.0 = Debug|x64
		{EB37789D-E393-4C00-B0E1-E2F4EC311237}.Debug|x86.ActiveCfg = Debug|Win32
		{EB37789D-E393-4C00-B0E1-E2F4EC311237}.Debug|x86.Build.0 = Debug|Win32
		{EB37789D-E393-4C00-B0E1-E2F4EC311237}.Release|x64.ActiveCfg = Release|x64
		{EB37789D-E393-4C00-B0E1-E2F4EC311237}.Release|x64.Build.0 = Release|x64
		{EB37789D-E393-4C00-B0E1-E2F4EC311237}.Release|x86.ActiveCfg = Release|Win32
		{EB37789D-E393-4C00-B0E1-E2F4EC311237}.Release|x86.Build.0 = Release|Win32
	EndGlobalSection
	GlobalSection(SolutionProperties) = preSolution
		HideSolutionNode = FALSE
	EndGlobalSection
	GlobalSection(ExtensibilityGlobals) = postSolution
		SolutionGuid = {7F0085BB-C9D0-4A73-9C0A-146DA53EF058}
	EndGlobalSection
EndGlobal
