
Microsoft Visual Studio Solution File, Format Version 12.00
# Visual Studio Version 16
VisualStudioVersion = 16.0.30503.244
MinimumVisualStudioVersion = 10.0.40219.1
Project("{8BC9CEB8-8B4A-11D0-8D11-00A0C91BC942}") = "Chapter3Exercise10Review", "Chapter3Exercise10Review.vcxproj", "{22C04C1C-22BB-47B7-A4F4-56C685C72617}"
EndProject
Global
	GlobalSection(SolutionConfigurationPlatforms) = preSolution
		Debug|x64 = Debug|x64
		Debug|x86 = Debug|x86
		Release|x64 = Release|x64
		Release|x86 = Release|x86
	EndGlobalSection
	GlobalSection(ProjectConfigurationPlatforms) = postSolution
		{22C04C1C-22BB-47B7-A4F4-56C685C72617}.Debug|x64.ActiveCfg = Debug|x64
		{22C04C1C-22BB-47B7-A4F4-56C685C72617}.Debug|x64.Build.0 = Debug|x64
		{22C04C1C-22BB-47B7-A4F4-56C685C72617}.Debug|x86.ActiveCfg = Debug|Win32
		{22C04C1C-22BB-47B7-A4F4-56C685C72617}.Debug|x86.Build.0 = Debug|Win32
		{22C04C1C-22BB-47B7-A4F4-56C685C72617}.Release|x64.ActiveCfg = Release|x64
		{22C04C1C-22BB-47B7-A4F4-56C685C72617}.Release|x64.Build.0 = Release|x64
		{22C04C1C-22BB-47B7-A4F4-56C685C72617}.Release|x86.ActiveCfg = Release|Win32
		{22C04C1C-22BB-47B7-A4F4-56C685C72617}.Release|x86.Build.0 = Release|Win32
	EndGlobalSection
	GlobalSection(SolutionProperties) = preSolution
		HideSolutionNode = FALSE
	EndGlobalSection
	GlobalSection(ExtensibilityGlobals) = postSolution
		SolutionGuid = {CAF42447-9962-4AD8-BA66-8BD7F9EBD239}
	EndGlobalSection
EndGlobal
